{
  "version": "2",
  "remote": {
    "https://deno.land/std@0.181.0/bytes/concat.ts": "d26d6f3d7922e6d663dacfcd357563b7bf4a380ce5b9c2bbe0c8586662f25ce2",
    "https://deno.land/std@0.181.0/collections/_comparators.ts": "fa7f9a44cea1d270098a2a5a6f8bb30c61b595c1b1f983bd67c6297d766adffa",
    "https://deno.land/std@0.181.0/collections/distinct.ts": "5f9671702ace8bc0ca59237554e6d7509b08899338ce6f990d146d26538339ea",
    "https://deno.land/std@0.181.0/crypto/to_hash_string.ts": "6927c768f3e373a1be4a31555a45ccecf7bd413105455cc334ad3f908cfa986f",
    "https://deno.land/std@0.181.0/encoding/base64.ts": "144ae6234c1fbe5b68666c711dc15b1e9ee2aef6d42b3b4345bf9a6c91d70d0d",
    "https://deno.land/std@0.181.0/encoding/hex.ts": "b4b1a7cb678745b0bf181ed8cf2498c7be00d121a7de244b752fbf9c7d9c48cd",
    "https://deno.land/std@0.181.0/fmt/colors.ts": "d67e3cd9f472535241a8e410d33423980bec45047e343577554d3356e1f0ef4e",
    "https://deno.land/std@0.181.0/http/http_status.ts": "8a7bcfe3ac025199ad804075385e57f63d055b2aed539d943ccc277616d6f932",
    "https://deno.land/std@0.181.0/testing/_diff.ts": "1a3c044aedf77647d6cac86b798c6417603361b66b54c53331b312caeb447aea",
    "https://deno.land/std@0.181.0/testing/_format.ts": "a69126e8a469009adf4cf2a50af889aca364c349797e63174884a52ff75cf4c7",
    "https://deno.land/std@0.181.0/testing/_test_suite.ts": "30f018feeb3835f12ab198d8a518f9089b1bcb2e8c838a8b615ab10d5005465c",
    "https://deno.land/std@0.181.0/testing/asserts.ts": "e16d98b4d73ffc4ed498d717307a12500ae4f2cbe668f1a215632d19fcffc22f",
    "https://deno.land/std@0.181.0/testing/bdd.ts": "c5ca6d85940dbcc19b4d2bc3608d49ab65d81470aa91306d5efa4b0d5c945731",
    "https://deno.land/std@0.181.0/testing/mock.ts": "220ed9b8151cb2cac141043d4cfea7c47673fab5d18d1c1f0943297c8afb5d13",
    "https://deno.land/std@0.185.0/bytes/concat.ts": "d26d6f3d7922e6d663dacfcd357563b7bf4a380ce5b9c2bbe0c8586662f25ce2",
    "https://deno.land/std@0.185.0/collections/distinct.ts": "5f9671702ace8bc0ca59237554e6d7509b08899338ce6f990d146d26538339ea",
    "https://deno.land/std@0.185.0/crypto/to_hash_string.ts": "6927c768f3e373a1be4a31555a45ccecf7bd413105455cc334ad3f908cfa986f",
    "https://deno.land/std@0.185.0/encoding/base64.ts": "144ae6234c1fbe5b68666c711dc15b1e9ee2aef6d42b3b4345bf9a6c91d70d0d",
    "https://deno.land/std@0.185.0/encoding/hex.ts": "b4b1a7cb678745b0bf181ed8cf2498c7be00d121a7de244b752fbf9c7d9c48cd",
    "https://deno.land/std@0.185.0/http/http_status.ts": "8a7bcfe3ac025199ad804075385e57f63d055b2aed539d943ccc277616d6f932",
    "https://deno.land/x/accept_ranges_parser@1.0.0/constants.ts": "eff985abce838c73f4d22ec61350b099fa8be449f18eead4eabab7fefa3e80a7",
    "https://deno.land/x/accept_ranges_parser@1.0.0/deps.ts": "8e17c669c74d88e614e2035e2dabf34c33d1ef5836d74e1d0d6d69a69cc4ecb1",
    "https://deno.land/x/accept_ranges_parser@1.0.0/mod.ts": "f3c6490097351e7d6fcf72bf1672a0527f31980dc4d526b4366c682002395599",
    "https://deno.land/x/accept_ranges_parser@1.0.0/parse.ts": "c2ccd846ca27f1a9323fbe7ecaa241d4dc14a3f56693449eddc2a69499ca49d8",
    "https://deno.land/x/accept_ranges_parser@1.0.0/stringify.ts": "d7d07368c495212145d9c760d173d6ddc95263719a82b0b7c468ee11a036a5c4",
    "https://deno.land/x/accept_ranges_parser@1.0.0/types.ts": "b1baf14ef6b2f903d80406ede848b45bb368b30550d29bb215a960842c3b8c0f",
    "https://deno.land/x/accept_ranges_parser@1.0.0/utils.ts": "9673274d3381dbd4372e01783c5b434be48ff604881cccaa57bc4bd0b6af2ce2",
    "https://deno.land/x/accept_ranges_parser@1.0.1/constants.ts": "eff985abce838c73f4d22ec61350b099fa8be449f18eead4eabab7fefa3e80a7",
    "https://deno.land/x/accept_ranges_parser@1.0.1/deps.ts": "7200ed0e0029491145f9f383fb2654e4d7a74fbb464f51e913be9910192e4c82",
    "https://deno.land/x/accept_ranges_parser@1.0.1/mod.ts": "f3c6490097351e7d6fcf72bf1672a0527f31980dc4d526b4366c682002395599",
    "https://deno.land/x/accept_ranges_parser@1.0.1/parse.ts": "8975ade9274be742271a2970c00edcec319ad8f5693a5c1c365cb836c797649b",
    "https://deno.land/x/accept_ranges_parser@1.0.1/stringify.ts": "b2cd1ed0a0d3a6f5d7323090e9ee1c04350ab4e41379645c93df6c6dfe639f14",
    "https://deno.land/x/accept_ranges_parser@1.0.1/types.ts": "b1baf14ef6b2f903d80406ede848b45bb368b30550d29bb215a960842c3b8c0f",
    "https://deno.land/x/content_range_parser@1.0.0/constants.ts": "9ffeb039727cb9cf4c21f57fe3022a5de8a300955a6ded29c7127541e937f899",
    "https://deno.land/x/content_range_parser@1.0.0/deps.ts": "9a73d412feabba1a6dc7485bfcee1881af791b10f0381478041f045f2cea7b41",
    "https://deno.land/x/content_range_parser@1.0.0/mod.ts": "a82cda5e5b86911f246e1177d758345c589feafcc40f89f455e7038342f1c727",
    "https://deno.land/x/content_range_parser@1.0.0/parse.ts": "4eeff5073ca012e9c1a11a91bb804f043d846046a7fb88b0e3e065ab6792bc47",
    "https://deno.land/x/content_range_parser@1.0.0/stringify.ts": "70d9df6901fec5479508260024bf8f225ebdbd00c0905522129f6af2d44e7c38",
    "https://deno.land/x/content_range_parser@1.0.0/types.ts": "700340658738101f222b805cce3ef6966281da273da013220c25d9103e60a301",
    "https://deno.land/x/content_range_parser@1.0.0/utils.ts": "ed74b6aed3c6df12bd4d44c020bb5abf4858f572af168e811f35f3b06af3363b",
    "https://deno.land/x/content_range_parser@1.0.0/validate.ts": "5925366845b5b507f54f74bd810cc1a13cb4c11e7b2797fbd68d1d3e928e143e",
    "https://deno.land/x/etag_parser@1.1.0/constants.ts": "73ba792efa5ae17a249e90def3745fd08220af14de033d5e264b744bb8c68e38",
    "https://deno.land/x/etag_parser@1.1.0/deps.ts": "05b354a88ce8d15817c2c31e71f8a11c23240c1d2cefa0f9495eb3ba3b714f94",
    "https://deno.land/x/etag_parser@1.1.0/mod.ts": "2a226b49b3ce6bcefbf61cb09067434fdf31035bec56eeb11f11fb58d904a54f",
    "https://deno.land/x/etag_parser@1.1.0/parse.ts": "1c56c9a1447c6b0dba0c0f213d069f3d08f7094e250710a873e8970c53bbe7b5",
    "https://deno.land/x/etag_parser@1.1.0/stringify.ts": "92f7342831c2b46c33bb23405b70443f87dbc8127a153562dbccd6a3a713b221",
    "https://deno.land/x/etag_parser@1.1.0/types.ts": "8003ca86132799cf9c11abd4a115d41b5e51b808438cc9da3047e261963def48",
    "https://deno.land/x/etag_parser@1.1.0/utils.ts": "7a18a04493ca836ab26dc6bb84bd97131599cfb6853b14dc85e93388053acf53",
    "https://deno.land/x/etag_parser@1.1.0/validate.ts": "307366f25d8486b532c20d207b29e8d8c1f554c4d385cff5dc2a62519d079a39",
    "https://deno.land/x/http_middleware@1.0.0/mod.ts": "a3b0809ce37f80568c362003a5b281564882b64dba53e12bf5a8f1e2b6bfc19e",
    "https://deno.land/x/http_middleware@1.0.0/types.ts": "9a40ebea7f906d7518f5765c7a633f5610ac4ebedb583b0c69395643c350f4d3",
    "https://deno.land/x/http_utils@1.0.0/_utils.ts": "f253eab4365b399affc617a5230d6f8a10c69da0bee793c08d7d66902cad0a22",
    "https://deno.land/x/http_utils@1.0.0/deps.ts": "77dc91cb7318000b799e5eadd2dbece27d05f1ec410bd285d3c50956795106ad",
    "https://deno.land/x/http_utils@1.0.0/header.ts": "28b18228607d9cbd4d639c5e4b9a989287b24a5dd0c928be73e89e7522b6cc0f",
    "https://deno.land/x/http_utils@1.0.0/method.ts": "fa30381e4b34e8a10bd12c6582d37d550e898998a00cd3888e42a6c45f5ab0f3",
    "https://deno.land/x/http_utils@1.0.0/request.ts": "ce23c980198b01e24142a4ae5f3a9c25a7c55256e0e4600cf72d3a5139405b63",
    "https://deno.land/x/http_utils@1.0.0/response.ts": "2c1d1492170ba8ad165149c53127ea5b907b68d3ab2ee1358bf21c1dccff5d06",
    "https://deno.land/x/http_utils@1.2.0/deps.ts": "ea68a335c0f6c1bf9fb9db271c453e78fd51d6902614db438b2bae3ab6114552",
    "https://deno.land/x/http_utils@1.2.0/header.ts": "28b18228607d9cbd4d639c5e4b9a989287b24a5dd0c928be73e89e7522b6cc0f",
    "https://deno.land/x/http_utils@1.2.0/list.ts": "eb0820f10b828de9964626546fef15ca82008323633df24e9e362e0bf76ef4f5",
    "https://deno.land/x/http_utils@1.2.0/method.ts": "fa30381e4b34e8a10bd12c6582d37d550e898998a00cd3888e42a6c45f5ab0f3",
    "https://deno.land/x/http_utils@1.2.0/token.ts": "fa313f85544a23efef35964c56fcb7af2139307874e9d019607a85a0f2145c6f",
    "https://deno.land/x/isx@1.0.0/is_string.ts": "268254eab5f8dbc09ee879eb53675813cdc5350207dde436d457cb34462cc857",
    "https://deno.land/x/isx@1.1.0/is_string.ts": "268254eab5f8dbc09ee879eb53675813cdc5350207dde436d457cb34462cc857",
    "https://deno.land/x/isx@1.1.1/is_boolean.ts": "711a4baeb0eb146c9013101d6d8bd90297739a787a6f09c5dd834654fa6d3f52",
    "https://deno.land/x/isx@1.1.1/is_null.ts": "02b30255073843d001e715a04382f1d6aebd77ed5506ffbb44bf77b9e20ebf7d",
    "https://deno.land/x/isx@1.1.1/is_number.ts": "27899cf8c67f304a2d0b635c0787d5197d7a5315525e7b98176b389139b5695a",
    "https://deno.land/x/isx@1.1.1/is_string.ts": "268254eab5f8dbc09ee879eb53675813cdc5350207dde436d457cb34462cc857",
    "https://deno.land/x/isx@1.1.1/is_undefined.ts": "561d7787e74bc56f83870df386bd0ed81d8006f2ee0062cf8903589fc89c51ac",
    "https://deno.land/x/isx@1.1.1/iterable/is_not_empty.ts": "7e0417b5d6a2d58cc5a446e0f55b8188504873ede0dbea19c5316ed9e21dad08",
    "https://deno.land/x/isx@1.1.1/number/is_negative_number.ts": "0f58460eeccc5cd56c4c246322f788a93348506462e411303a1470edeb0813a8",
    "https://deno.land/x/isx@1.1.1/number/is_non_negative_integer.ts": "ce7b63f40d22bd5575f008f370493e1ce4e5305f59144fb6362a459a2b13ccf1",
    "https://deno.land/x/isx@1.3.1/is_boolean.ts": "711a4baeb0eb146c9013101d6d8bd90297739a787a6f09c5dd834654fa6d3f52",
    "https://deno.land/x/isx@1.3.1/is_null.ts": "02b30255073843d001e715a04382f1d6aebd77ed5506ffbb44bf77b9e20ebf7d",
    "https://deno.land/x/isx@1.3.1/is_number.ts": "27899cf8c67f304a2d0b635c0787d5197d7a5315525e7b98176b389139b5695a",
    "https://deno.land/x/isx@1.3.1/is_string.ts": "268254eab5f8dbc09ee879eb53675813cdc5350207dde436d457cb34462cc857",
    "https://deno.land/x/isx@1.3.1/iterable/is_not_empty.ts": "6f9139c8cc89745add8c880f4aec0359ed8da19842287b409c9e62d1ccd292a7",
    "https://deno.land/x/isx@1.3.1/number/is_negative_number.ts": "0cf4d0402c95b6c0099fb6c8018a27246c25a8a9b1bcefe53f144f85f06ce23f",
    "https://deno.land/x/prelude_js@1.0.0/to_lower_case.ts": "690b71187878b2db46b02e462b89b5acc9cda0fa2a650b296ef9292f061c1f0f",
    "https://deno.land/x/prelude_js@1.0.0/trim.ts": "9e839053220bee1c5673026ccf4ddba475c3b982b3284b1d6b86e5440821de61",
    "https://deno.land/x/prelude_js@1.2.0/to_lower_case.ts": "869038443b99f156649dafe8c05f69b8c7168e22ba64c37f57042b11ebaf47e0",
    "https://deno.land/x/prelude_js@1.2.0/trim.ts": "9e839053220bee1c5673026ccf4ddba475c3b982b3284b1d6b86e5440821de61",
    "https://deno.land/x/range_parser@1.2.0/deps.ts": "b250c816b454f719e84b80d5a64fcc103077d2539aa4c5049777cc0e26ab31e1",
    "https://deno.land/x/range_parser@1.2.0/mod.ts": "4406fe10eef8b97499b2cfdc71267cd1bf854d1c25be5df7cfefd6e065e4e55f",
    "https://deno.land/x/range_parser@1.2.0/parse.ts": "bff5f5a5283ad64f8c7635c9a5c02e1a6b316dad7c4d6a73b92415ca7386e8f5",
    "https://deno.land/x/range_parser@1.2.0/stringify.ts": "6b44df96f8bdda3f50dcc36ed61d60ba5107d7ccfab06b4a695d456eadc6ef80",
    "https://deno.land/x/range_parser@1.2.0/types.ts": "c84235550dd48cbd09e210d0593aad1ca620638600388bdc01700488bbc2f890",
    "https://deno.land/x/range_parser@1.2.0/validate.ts": "2cacbd9024428a05fe35b8ada1b85daa648ba6dfbb2275ac7b4b05823a08d61b",
    "https://deno.land/x/range_request_middleware@1.2.0/deps.ts": "aa52a9d24a2e622d96a5158ca44f28a68b2d1a3142795cdc1c812ba45858a1f2",
    "https://deno.land/x/range_request_middleware@1.2.0/middleware.ts": "ebf03ed180f1ab203dacd64a710c66a4595c9ce029c636ce723613a4c886d802",
    "https://deno.land/x/range_request_middleware@1.2.0/mod.ts": "2203128064bcb40449e02cc27b38ee0fb817d9e17d4594108d05ad910e8191a5",
    "https://deno.land/x/range_request_middleware@1.2.0/ranges/bytes.ts": "9d05a5564d9b8ac8d3e20e6ef4025d0532a552567fcdd255211628f999244869",
    "https://deno.land/x/range_request_middleware@1.2.0/ranges/utils.ts": "b158269adec71cc8e69057f793d2b831284d92a99e84b1a4043dead16c6010cb",
    "https://deno.land/x/range_request_middleware@1.2.0/transform.ts": "7a8c53f67976b080aab085463ac250a62af7cde306dc1817ddc034feb7cdc16c",
    "https://deno.land/x/range_request_middleware@1.2.0/types.ts": "b923e1bce79da61e584bb13600be22802b3174d34af121ad27c161bd31888696",
    "https://deno.land/x/range_request_middleware@1.2.0/utils.ts": "024d8e1cdca572ca59d5f20093986d3d63ae7bf08e42b27992ae25055d0d97b3",
    "https://deno.land/x/range_request_middleware@1.3.0/deps.ts": "409cc2e59730e6a70ba7836b831e31db2b50f9cc096b84b3ffc828e1228178d6",
    "https://deno.land/x/range_request_middleware@1.3.0/transform.ts": "7a8c53f67976b080aab085463ac250a62af7cde306dc1817ddc034feb7cdc16c",
    "https://deno.land/x/range_request_middleware@1.3.0/types.ts": "b923e1bce79da61e584bb13600be22802b3174d34af121ad27c161bd31888696",
    "https://deno.land/x/range_request_middleware@1.3.0/utils.ts": "024d8e1cdca572ca59d5f20093986d3d63ae7bf08e42b27992ae25055d0d97b3",
    "https://deno.land/x/result_js@1.0.0/mod.ts": "6adb86316f36113bf2347a54210515c4f7669217caa86563ac25137643afad90",
    "https://deno.land/x/result_js@1.0.0/results.ts": "e918df4eb10e882a09a64d8b28eaad9b9a0042d0ae6ba534ba7416a9a48dcccb",
    "https://deno.land/x/result_js@1.0.0/types.ts": "89fc0f2f49dbb25680ca96dff8f7750ce79ec43f212aa98a5d9c0c1491c5ede5",
    "https://deno.land/x/result_js@1.0.0/utils.ts": "a288d81e3bc64e045043ac9699e699a5169844851d611532b4801cd8a4a98e98",
    "https://esm.sh/http-dates@1.2.0": "ceb7ae6e64451c40b5b491318e61a8a7575bb0733ed545f2b0ebe259bafe7674",
    "https://esm.sh/http-dates@1.2.0?pin=v118": "ff7a336dd3d322681a1ec97453b43d6ef79e6483152f4dd3508df49e13cf6da2",
    "https://esm.sh/v113/http-dates@1.2.0/deno/http-dates.mjs": "bae09a11cda406294c9d0f6e32a262973663a484d184ff87257e26cfe3d7661d",
    "https://esm.sh/v113/http-dates@1.2.0/dist/index.d.ts": "d34811122397133458c65850900112165f67dc126eb25daec0fd53386e645180",
    "https://esm.sh/v118/http-dates@1.2.0/deno/http-dates.mjs": "bae09a11cda406294c9d0f6e32a262973663a484d184ff87257e26cfe3d7661d",
    "https://esm.sh/v118/http-dates@1.2.0/dist/index.d.ts": "d34811122397133458c65850900112165f67dc126eb25daec0fd53386e645180"
  }
}
